
Microsoft Visual Studio Solution File, Format Version 12.00
# Visual Studio Version 16
VisualStudioVersion = 16.0.30204.135
MinimumVisualStudioVersion = 10.0.40219.1
Project("{FAE04EC0-301F-11D3-BF4B-00C04F79EFBC}") = "SchoolSystem", "SchoolSystem\SchoolSystem.csproj", "{67B13DC4-6498-49B0-AFAD-42859C3387B8}"
EndProject
Project("{FAE04EC0-301F-11D3-BF4B-00C04F79EFBC}") = "Test", "Test\Test.csproj", "{A4E71623-618C-4A3C-99C3-3BF6C3B59EC2}"
EndProject
Global
	GlobalSection(SolutionConfigurationPlatforms) = preSolution
		Debug|Any CPU = Debug|Any CPU
		Release|Any CPU = Release|Any CPU
	EndGlobalSection
	GlobalSection(ProjectConfigurationPlatforms) = postSolution
		{67B13DC4-6498-49B0-AFAD-42859C3387B8}.Debug|Any CPU.ActiveCfg = Debug|Any CPU
		{67B13DC4-6498-49B0-AFAD-42859C3387B8}.Debug|Any CPU.Build.0 = Debug|Any CPU
		{67B13DC4-6498-49B0-AFAD-42859C3387B8}.Release|Any CPU.ActiveCfg = Release|Any CPU
		{67B13DC4-6498-49B0-AFAD-42859C3387B8}.Release|Any CPU.Build.0 = Release|Any CPU
		{A4E71623-618C-4A3C-99C3-3BF6C3B59EC2}.Debug|Any CPU.ActiveCfg = Debug|Any CPU
		{A4E71623-618C-4A3C-99C3-3BF6C3B59EC2}.Debug|Any CPU.Build.0 = Debug|Any CPU
		{A4E71623-618C-4A3C-99C3-3BF6C3B59EC2}.Release|Any CPU.ActiveCfg = Release|Any CPU
		{A4E71623-618C-4A3C-99C3-3BF6C3B59EC2}.Release|Any CPU.Build.0 = Release|Any CPU
	EndGlobalSection
	GlobalSection(SolutionProperties) = preSolution
		HideSolutionNode = FALSE
	EndGlobalSection
	GlobalSection(ExtensibilityGlobals) = postSolution
		SolutionGuid = {C08634A2-AB02-468A-ABCE-34E18BD5B2A0}
	EndGlobalSection
EndGlobal
