
Microsoft Visual Studio Solution File, Format Version 12.00
# Visual Studio Version 16
VisualStudioVersion = 16.0.30204.135
MinimumVisualStudioVersion = 10.0.40219.1
Project("{FAE04EC0-301F-11D3-BF4B-00C04F79EFBC}") = "PersonLib", "Person\PersonLib.csproj", "{45ADD75D-2418-426A-AC6A-F57ACB2372C6}"
EndProject
Project("{FAE04EC0-301F-11D3-BF4B-00C04F79EFBC}") = "Test", "Test\Test.csproj", "{70340C61-2693-4134-B058-6941ABA171C1}"
EndProject
Global
	GlobalSection(SolutionConfigurationPlatforms) = preSolution
		Debug|Any CPU = Debug|Any CPU
		Release|Any CPU = Release|Any CPU
	EndGlobalSection
	GlobalSection(ProjectConfigurationPlatforms) = postSolution
		{45ADD75D-2418-426A-AC6A-F57ACB2372C6}.Debug|Any CPU.ActiveCfg = Debug|Any CPU
		{45ADD75D-2418-426A-AC6A-F57ACB2372C6}.Debug|Any CPU.Build.0 = Debug|Any CPU
		{45ADD75D-2418-426A-AC6A-F57ACB2372C6}.Release|Any CPU.ActiveCfg = Release|Any CPU
		{45ADD75D-2418-426A-AC6A-F57ACB2372C6}.Release|Any CPU.Build.0 = Release|Any CPU
		{70340C61-2693-4134-B058-6941ABA171C1}.Debug|Any CPU.ActiveCfg = Debug|Any CPU
		{70340C61-2693-4134-B058-6941ABA171C1}.Debug|Any CPU.Build.0 = Debug|Any CPU
		{70340C61-2693-4134-B058-6941ABA171C1}.Release|Any CPU.ActiveCfg = Release|Any CPU
		{70340C61-2693-4134-B058-6941ABA171C1}.Release|Any CPU.Build.0 = Release|Any CPU
	EndGlobalSection
	GlobalSection(SolutionProperties) = preSolution
		HideSolutionNode = FALSE
	EndGlobalSection
	GlobalSection(ExtensibilityGlobals) = postSolution
		SolutionGuid = {BEB908C9-39DA-42D0-8C8E-2FF1DE64000C}
	EndGlobalSection
EndGlobal
